PODS:
  - AppAuth (1.6.0):
    - AppAuth/Core (= 1.6.0)
    - AppAuth/ExternalUserAgent (= 1.6.0)
  - AppAuth/Core (1.6.0)
  - AppAuth/ExternalUserAgent (1.6.0):
    - AppAuth/Core
  - boost (1.76.0)
  - BVLinearGradient (2.6.2):
    - React-Core
  - CocoaAsyncSocket (7.6.5)
  - DoubleConversion (1.1.6)
  - FBAEMKit (14.0.0):
    - FBSDKCoreKit_Basics (= 14.0.0)
  - FBLazyVector (0.69.1)
  - FBReactNativeSpec (0.69.1):
    - RCT-Folly (= 2021.06.28.00-v2)
    - RCTRequired (= 0.69.1)
    - RCTTypeSafety (= 0.69.1)
    - React-Core (= 0.69.1)
    - React-jsi (= 0.69.1)
    - ReactCommon/turbomodule/core (= 0.69.1)
  - FBSDKCoreKit (14.0.0):
    - FBAEMKit (= 14.0.0)
    - FBSDKCoreKit_Basics (= 14.0.0)
  - FBSDKCoreKit_Basics (14.0.0)
  - FBSDKGamingServicesKit (14.0.0):
    - FBSDKCoreKit (= 14.0.0)
    - FBSDKCoreKit_Basics (= 14.0.0)
    - FBSDKShareKit (= 14.0.0)
  - FBSDKLoginKit (14.0.0):
    - FBSDKCoreKit (= 14.0.0)
  - FBSDKShareKit (14.0.0):
    - FBSDKCoreKit (= 14.0.0)
  - Firebase/CoreOnly (9.2.0):
    - FirebaseCore (= 9.2.0)
  - FirebaseCore (9.2.0):
    - FirebaseCoreDiagnostics (~> 9.0)
    - FirebaseCoreInternal (~> 9.0)
    - GoogleUtilities/Environment (~> 7.7)
    - GoogleUtilities/Logger (~> 7.7)
  - FirebaseCoreDiagnostics (9.6.0):
    - GoogleDataTransport (< 10.0.0, >= 9.1.4)
    - GoogleUtilities/Environment (~> 7.7)
    - GoogleUtilities/Logger (~> 7.7)
    - nanopb (< 2.30910.0, >= 2.30908.0)
  - FirebaseCoreInternal (9.6.0):
    - "GoogleUtilities/NSData+zlib (~> 7.7)"
  - fmt (6.2.1)
  - glog (0.3.5)
  - GoogleDataTransport (9.2.1):
    - GoogleUtilities/Environment (~> 7.7)
    - nanopb (< 2.30910.0, >= 2.30908.0)
    - PromisesObjC (< 3.0, >= 1.2)
  - GoogleSignIn (6.2.4):
    - AppAuth (~> 1.5)
    - GTMAppAuth (~> 1.3)
    - GTMSessionFetcher/Core (< 3.0, >= 1.1)
  - GoogleUtilities/Environment (7.11.0):
    - PromisesObjC (< 3.0, >= 1.2)
  - GoogleUtilities/Logger (7.11.0):
    - GoogleUtilities/Environment
  - "GoogleUtilities/NSData+zlib (7.11.0)"
  - GTMAppAuth (1.3.1):
    - AppAuth/Core (~> 1.6)
    - GTMSessionFetcher/Core (< 3.0, >= 1.5)
  - GTMSessionFetcher/Core (2.3.0)
  - KTVCocoaHTTPServer (1.0.0):
    - CocoaAsyncSocket
  - KTVHTTPCache (2.0.1):
    - KTVCocoaHTTPServer
  - lottie-ios (3.2.3)
  - lottie-react-native (5.1.3):
    - lottie-ios (~> 3.2.3)
    - React-Core
  - nanopb (2.30909.0):
    - nanopb/decode (= 2.30909.0)
    - nanopb/encode (= 2.30909.0)
  - nanopb/decode (2.30909.0)
  - nanopb/encode (2.30909.0)
  - PromisesObjC (2.2.0)
  - PromisesSwift (2.2.0):
    - PromisesObjC (= 2.2.0)
  - RCT-Folly (2021.06.28.00-v2):
    - boost
    - DoubleConversion
    - fmt (~> 6.2.1)
    - glog
    - RCT-Folly/Default (= 2021.06.28.00-v2)
  - RCT-Folly/Default (2021.06.28.00-v2):
    - boost
    - DoubleConversion
    - fmt (~> 6.2.1)
    - glog
  - RCTRequired (0.69.1)
  - RCTSystemSetting (1.7.6):
    - React
  - RCTTypeSafety (0.69.1):
    - FBLazyVector (= 0.69.1)
    - RCTRequired (= 0.69.1)
    - React-Core (= 0.69.1)
  - React (0.69.1):
    - React-Core (= 0.69.1)
    - React-Core/DevSupport (= 0.69.1)
    - React-Core/RCTWebSocket (= 0.69.1)
    - React-RCTActionSheet (= 0.69.1)
    - React-RCTAnimation (= 0.69.1)
    - React-RCTBlob (= 0.69.1)
    - React-RCTImage (= 0.69.1)
    - React-RCTLinking (= 0.69.1)
    - React-RCTNetwork (= 0.69.1)
    - React-RCTSettings (= 0.69.1)
    - React-RCTText (= 0.69.1)
    - React-RCTVibration (= 0.69.1)
  - React-bridging (0.69.1):
    - RCT-Folly (= 2021.06.28.00-v2)
    - React-jsi (= 0.69.1)
  - React-callinvoker (0.69.1)
  - React-Codegen (0.69.1):
    - FBReactNativeSpec (= 0.69.1)
    - RCT-Folly (= 2021.06.28.00-v2)
    - RCTRequired (= 0.69.1)
    - RCTTypeSafety (= 0.69.1)
    - React-Core (= 0.69.1)
    - React-jsi (= 0.69.1)
    - React-jsiexecutor (= 0.69.1)
    - ReactCommon/turbomodule/core (= 0.69.1)
  - React-Core (0.69.1):
    - glog
    - RCT-Folly (= 2021.06.28.00-v2)
    - React-Core/Default (= 0.69.1)
    - React-cxxreact (= 0.69.1)
    - React-jsi (= 0.69.1)
    - React-jsiexecutor (= 0.69.1)
    - React-perflogger (= 0.69.1)
    - Yoga
  - React-Core/CoreModulesHeaders (0.69.1):
    - glog
    - RCT-Folly (= 2021.06.28.00-v2)
    - React-Core/Default
    - React-cxxreact (= 0.69.1)
    - React-jsi (= 0.69.1)
    - React-jsiexecutor (= 0.69.1)
    - React-perflogger (= 0.69.1)
    - Yoga
  - React-Core/Default (0.69.1):
    - glog
    - RCT-Folly (= 2021.06.28.00-v2)
    - React-cxxreact (= 0.69.1)
    - React-jsi (= 0.69.1)
    - React-jsiexecutor (= 0.69.1)
    - React-perflogger (= 0.69.1)
    - Yoga
  - React-Core/DevSupport (0.69.1):
    - glog
    - RCT-Folly (= 2021.06.28.00-v2)
    - React-Core/Default (= 0.69.1)
    - React-Core/RCTWebSocket (= 0.69.1)
    - React-cxxreact (= 0.69.1)
    - React-jsi (= 0.69.1)
    - React-jsiexecutor (= 0.69.1)
    - React-jsinspector (= 0.69.1)
    - React-perflogger (= 0.69.1)
    - Yoga
  - React-Core/RCTActionSheetHeaders (0.69.1):
    - glog
    - RCT-Folly (= 2021.06.28.00-v2)
    - React-Core/Default
    - React-cxxreact (= 0.69.1)
    - React-jsi (= 0.69.1)
    - React-jsiexecutor (= 0.69.1)
    - React-perflogger (= 0.69.1)
    - Yoga
  - React-Core/RCTAnimationHeaders (0.69.1):
    - glog
    - RCT-Folly (= 2021.06.28.00-v2)
    - React-Core/Default
    - React-cxxreact (= 0.69.1)
    - React-jsi (= 0.69.1)
    - React-jsiexecutor (= 0.69.1)
    - React-perflogger (= 0.69.1)
    - Yoga
  - React-Core/RCTBlobHeaders (0.69.1):
    - glog
    - RCT-Folly (= 2021.06.28.00-v2)
    - React-Core/Default
    - React-cxxreact (= 0.69.1)
    - React-jsi (= 0.69.1)
    - React-jsiexecutor (= 0.69.1)
    - React-perflogger (= 0.69.1)
    - Yoga
  - React-Core/RCTImageHeaders (0.69.1):
    - glog
    - RCT-Folly (= 2021.06.28.00-v2)
    - React-Core/Default
    - React-cxxreact (= 0.69.1)
    - React-jsi (= 0.69.1)
    - React-jsiexecutor (= 0.69.1)
    - React-perflogger (= 0.69.1)
    - Yoga
  - React-Core/RCTLinkingHeaders (0.69.1):
    - glog
    - RCT-Folly (= 2021.06.28.00-v2)
    - React-Core/Default
    - React-cxxreact (= 0.69.1)
    - React-jsi (= 0.69.1)
    - React-jsiexecutor (= 0.69.1)
    - React-perflogger (= 0.69.1)
    - Yoga
  - React-Core/RCTNetworkHeaders (0.69.1):
    - glog
    - RCT-Folly (= 2021.06.28.00-v2)
    - React-Core/Default
    - React-cxxreact (= 0.69.1)
    - React-jsi (= 0.69.1)
    - React-jsiexecutor (= 0.69.1)
    - React-perflogger (= 0.69.1)
    - Yoga
  - React-Core/RCTSettingsHeaders (0.69.1):
    - glog
    - RCT-Folly (= 2021.06.28.00-v2)
    - React-Core/Default
    - React-cxxreact (= 0.69.1)
    - React-jsi (= 0.69.1)
    - React-jsiexecutor (= 0.69.1)
    - React-perflogger (= 0.69.1)
    - Yoga
  - React-Core/RCTTextHeaders (0.69.1):
    - glog
    - RCT-Folly (= 2021.06.28.00-v2)
    - React-Core/Default
    - React-cxxreact (= 0.69.1)
    - React-jsi (= 0.69.1)
    - React-jsiexecutor (= 0.69.1)
    - React-perflogger (= 0.69.1)
    - Yoga
  - React-Core/RCTVibrationHeaders (0.69.1):
    - glog
    - RCT-Folly (= 2021.06.28.00-v2)
    - React-Core/Default
    - React-cxxreact (= 0.69.1)
    - React-jsi (= 0.69.1)
    - React-jsiexecutor (= 0.69.1)
    - React-perflogger (= 0.69.1)
    - Yoga
  - React-Core/RCTWebSocket (0.69.1):
    - glog
    - RCT-Folly (= 2021.06.28.00-v2)
    - React-Core/Default (= 0.69.1)
    - React-cxxreact (= 0.69.1)
    - React-jsi (= 0.69.1)
    - React-jsiexecutor (= 0.69.1)
    - React-perflogger (= 0.69.1)
    - Yoga
  - React-CoreModules (0.69.1):
    - RCT-Folly (= 2021.06.28.00-v2)
    - RCTTypeSafety (= 0.69.1)
    - React-Codegen (= 0.69.1)
    - React-Core/CoreModulesHeaders (= 0.69.1)
    - React-jsi (= 0.69.1)
    - React-RCTImage (= 0.69.1)
    - ReactCommon/turbomodule/core (= 0.69.1)
  - React-cxxreact (0.69.1):
    - boost (= 1.76.0)
    - DoubleConversion
    - glog
    - RCT-Folly (= 2021.06.28.00-v2)
    - React-callinvoker (= 0.69.1)
    - React-jsi (= 0.69.1)
    - React-jsinspector (= 0.69.1)
    - React-logger (= 0.69.1)
    - React-perflogger (= 0.69.1)
    - React-runtimeexecutor (= 0.69.1)
  - React-jsi (0.69.1):
    - boost (= 1.76.0)
    - DoubleConversion
    - glog
    - RCT-Folly (= 2021.06.28.00-v2)
    - React-jsi/Default (= 0.69.1)
  - React-jsi/Default (0.69.1):
    - boost (= 1.76.0)
    - DoubleConversion
    - glog
    - RCT-Folly (= 2021.06.28.00-v2)
  - React-jsiexecutor (0.69.1):
    - DoubleConversion
    - glog
    - RCT-Folly (= 2021.06.28.00-v2)
    - React-cxxreact (= 0.69.1)
    - React-jsi (= 0.69.1)
    - React-perflogger (= 0.69.1)
  - React-jsinspector (0.69.1)
  - React-logger (0.69.1):
    - glog
  - react-native-fbsdk-next (10.0.0):
    - React-Core
    - react-native-fbsdk-next/Core (= 10.0.0)
    - react-native-fbsdk-next/Login (= 10.0.0)
    - react-native-fbsdk-next/Share (= 10.0.0)
  - react-native-fbsdk-next/Core (10.0.0):
    - FBSDKCoreKit (~> 14.0.0)
    - React-Core
  - react-native-fbsdk-next/Login (10.0.0):
    - FBSDKLoginKit (~> 14.0.0)
    - React-Core
  - react-native-fbsdk-next/Share (10.0.0):
    - FBSDKGamingServicesKit (~> 14.0.0)
    - FBSDKShareKit (~> 14.0.0)
    - React-Core
  - react-native-geolocation (2.1.0):
    - React-Core
  - react-native-netinfo (9.3.0):
    - React-Core
  - react-native-orientation-locker (1.5.0):
    - React-Core
  - react-native-safe-area-context (4.3.1):
    - RCT-Folly
    - RCTRequired
    - RCTTypeSafety
    - React
    - ReactCommon/turbomodule/core
  - react-native-slider (4.2.4):
    - React-Core
  - react-native-video (6.0.0-alpha.1):
    - React-Core
    - react-native-video/Video (= 6.0.0-alpha.1)
  - react-native-video-cache (2.7.3):
    - KTVHTTPCache (~> 2.0.0)
    - React
  - react-native-video/Video (6.0.0-alpha.1):
    - PromisesSwift
    - React-Core
  - React-perflogger (0.69.1)
  - React-RCTActionSheet (0.69.1):
    - React-Core/RCTActionSheetHeaders (= 0.69.1)
  - React-RCTAnimation (0.69.1):
    - RCT-Folly (= 2021.06.28.00-v2)
    - RCTTypeSafety (= 0.69.1)
    - React-Codegen (= 0.69.1)
    - React-Core/RCTAnimationHeaders (= 0.69.1)
    - React-jsi (= 0.69.1)
    - ReactCommon/turbomodule/core (= 0.69.1)
  - React-RCTBlob (0.69.1):
    - RCT-Folly (= 2021.06.28.00-v2)
    - React-Codegen (= 0.69.1)
    - React-Core/RCTBlobHeaders (= 0.69.1)
    - React-Core/RCTWebSocket (= 0.69.1)
    - React-jsi (= 0.69.1)
    - React-RCTNetwork (= 0.69.1)
    - ReactCommon/turbomodule/core (= 0.69.1)
  - React-RCTImage (0.69.1):
    - RCT-Folly (= 2021.06.28.00-v2)
    - RCTTypeSafety (= 0.69.1)
    - React-Codegen (= 0.69.1)
    - React-Core/RCTImageHeaders (= 0.69.1)
    - React-jsi (= 0.69.1)
    - React-RCTNetwork (= 0.69.1)
    - ReactCommon/turbomodule/core (= 0.69.1)
  - React-RCTLinking (0.69.1):
    - React-Codegen (= 0.69.1)
    - React-Core/RCTLinkingHeaders (= 0.69.1)
    - React-jsi (= 0.69.1)
    - ReactCommon/turbomodule/core (= 0.69.1)
  - React-RCTNetwork (0.69.1):
    - RCT-Folly (= 2021.06.28.00-v2)
    - RCTTypeSafety (= 0.69.1)
    - React-Codegen (= 0.69.1)
    - React-Core/RCTNetworkHeaders (= 0.69.1)
    - React-jsi (= 0.69.1)
    - ReactCommon/turbomodule/core (= 0.69.1)
  - React-RCTSettings (0.69.1):
    - RCT-Folly (= 2021.06.28.00-v2)
    - RCTTypeSafety (= 0.69.1)
    - React-Codegen (= 0.69.1)
    - React-Core/RCTSettingsHeaders (= 0.69.1)
    - React-jsi (= 0.69.1)
    - ReactCommon/turbomodule/core (= 0.69.1)
  - React-RCTText (0.69.1):
    - React-Core/RCTTextHeaders (= 0.69.1)
  - React-RCTVibration (0.69.1):
    - RCT-Folly (= 2021.06.28.00-v2)
    - React-Codegen (= 0.69.1)
    - React-Core/RCTVibrationHeaders (= 0.69.1)
    - React-jsi (= 0.69.1)
    - ReactCommon/turbomodule/core (= 0.69.1)
  - React-runtimeexecutor (0.69.1):
    - React-jsi (= 0.69.1)
  - ReactCommon/turbomodule/core (0.69.1):
    - DoubleConversion
    - glog
    - RCT-Folly (= 2021.06.28.00-v2)
    - React-bridging (= 0.69.1)
    - React-callinvoker (= 0.69.1)
    - React-Core (= 0.69.1)
    - React-cxxreact (= 0.69.1)
    - React-jsi (= 0.69.1)
    - React-logger (= 0.69.1)
    - React-perflogger (= 0.69.1)
  - rn-fetch-blob (0.12.0):
    - React-Core
  - RNAppleAuthentication (2.2.2):
    - React-Core
  - RNCAsyncStorage (1.17.7):
    - React-Core
  - RNCMaskedView (0.2.7):
    - React-Core
  - RNCPicker (2.4.2):
    - React-Core
  - RNCPushNotificationIOS (1.10.1):
    - React-Core
  - RNDateTimePicker (6.2.0):
    - React-Core
  - RNFBApp (15.1.1):
    - Firebase/CoreOnly (= 9.2.0)
    - React-Core
  - RNGestureHandler (2.5.0):
    - React-Core
  - RNGoogleSignin (8.0.0):
    - GoogleSignIn (~> 6.2.2)
    - React-Core
  - RNIap (11.0.0-rc.7):
    - React-Core
  - RNReanimated (2.9.1):
    - DoubleConversion
    - FBLazyVector
    - FBReactNativeSpec
    - glog
    - RCT-Folly
    - RCTRequired
    - RCTTypeSafety
    - React-callinvoker
    - React-Core
    - React-Core/DevSupport
    - React-Core/RCTWebSocket
    - React-CoreModules
    - React-cxxreact
    - React-jsi
    - React-jsiexecutor
    - React-jsinspector
    - React-RCTActionSheet
    - React-RCTAnimation
    - React-RCTBlob
    - React-RCTImage
    - React-RCTLinking
    - React-RCTNetwork
    - React-RCTSettings
    - React-RCTText
    - ReactCommon/turbomodule/core
    - Yoga
  - RNScreens (3.15.0):
    - React-Core
    - React-RCTImage
  - RNVectorIcons (9.2.0):
    - React-Core
  - Stripe (23.3.4):
    - StripeApplePay (= 23.3.4)
    - StripeCore (= 23.3.4)
    - StripePayments (= 23.3.4)
    - StripePaymentsUI (= 23.3.4)
    - StripeUICore (= 23.3.4)
  - stripe-react-native (0.25.0):
    - React-Core
    - Stripe (~> 23.3.3)
    - StripeApplePay (~> 23.3.3)
    - StripeFinancialConnections (~> 23.3.3)
    - StripePayments (~> 23.3.3)
    - StripePaymentSheet (~> 23.3.3)
    - StripePaymentsUI (~> 23.3.3)
  - StripeApplePay (23.3.4):
    - StripeCore (= 23.3.4)
  - StripeCore (23.3.4)
  - StripeFinancialConnections (23.3.4):
    - StripeCore (= 23.3.4)
    - StripeUICore (= 23.3.4)
  - StripePayments (23.3.4):
    - StripeCore (= 23.3.4)
    - StripePayments/Stripe3DS2 (= 23.3.4)
  - StripePayments/Stripe3DS2 (23.3.4):
    - StripeCore (= 23.3.4)
  - StripePaymentSheet (23.3.4):
    - StripeApplePay (= 23.3.4)
    - StripeCore (= 23.3.4)
    - StripePayments (= 23.3.4)
    - StripePaymentsUI (= 23.3.4)
  - StripePaymentsUI (23.3.4):
    - StripeCore (= 23.3.4)
    - StripePayments (= 23.3.4)
    - StripeUICore (= 23.3.4)
  - StripeUICore (23.3.4):
    - StripeCore (= 23.3.4)
  - Yoga (1.14.0)

DEPENDENCIES:
  - boost (from `../node_modules/react-native/third-party-podspecs/boost.podspec`)
  - BVLinearGradient (from `../node_modules/react-native-linear-gradient`)
  - DoubleConversion (from `../node_modules/react-native/third-party-podspecs/DoubleConversion.podspec`)
  - FBLazyVector (from `../node_modules/react-native/Libraries/FBLazyVector`)
  - FBReactNativeSpec (from `../node_modules/react-native/React/FBReactNativeSpec`)
  - glog (from `../node_modules/react-native/third-party-podspecs/glog.podspec`)
  - GoogleSignIn (~> 6.2.2)
  - lottie-ios (from `../node_modules/lottie-ios`)
  - lottie-react-native (from `../node_modules/lottie-react-native`)
  - RCT-Folly (from `../node_modules/react-native/third-party-podspecs/RCT-Folly.podspec`)
  - RCTRequired (from `../node_modules/react-native/Libraries/RCTRequired`)
  - RCTSystemSetting (from `../node_modules/react-native-system-setting`)
  - RCTTypeSafety (from `../node_modules/react-native/Libraries/TypeSafety`)
  - React (from `../node_modules/react-native/`)
  - React-bridging (from `../node_modules/react-native/ReactCommon`)
  - React-callinvoker (from `../node_modules/react-native/ReactCommon/callinvoker`)
  - React-Codegen (from `build/generated/ios`)
  - React-Core (from `../node_modules/react-native/`)
  - React-Core/DevSupport (from `../node_modules/react-native/`)
  - React-Core/RCTWebSocket (from `../node_modules/react-native/`)
  - React-CoreModules (from `../node_modules/react-native/React/CoreModules`)
  - React-cxxreact (from `../node_modules/react-native/ReactCommon/cxxreact`)
  - React-jsi (from `../node_modules/react-native/ReactCommon/jsi`)
  - React-jsiexecutor (from `../node_modules/react-native/ReactCommon/jsiexecutor`)
  - React-jsinspector (from `../node_modules/react-native/ReactCommon/jsinspector`)
  - React-logger (from `../node_modules/react-native/ReactCommon/logger`)
  - react-native-fbsdk-next (from `../node_modules/react-native-fbsdk-next`)
  - "react-native-geolocation (from `../node_modules/@react-native-community/geolocation`)"
  - "react-native-netinfo (from `../node_modules/@react-native-community/netinfo`)"
  - react-native-orientation-locker (from `../node_modules/react-native-orientation-locker`)
  - react-native-safe-area-context (from `../node_modules/react-native-safe-area-context`)
  - "react-native-slider (from `../node_modules/@react-native-community/slider`)"
  - react-native-video (from `../node_modules/react-native-video`)
  - react-native-video-cache (from `../node_modules/react-native-video-cache`)
  - React-perflogger (from `../node_modules/react-native/ReactCommon/reactperflogger`)
  - React-RCTActionSheet (from `../node_modules/react-native/Libraries/ActionSheetIOS`)
  - React-RCTAnimation (from `../node_modules/react-native/Libraries/NativeAnimation`)
  - React-RCTBlob (from `../node_modules/react-native/Libraries/Blob`)
  - React-RCTImage (from `../node_modules/react-native/Libraries/Image`)
  - React-RCTLinking (from `../node_modules/react-native/Libraries/LinkingIOS`)
  - React-RCTNetwork (from `../node_modules/react-native/Libraries/Network`)
  - React-RCTSettings (from `../node_modules/react-native/Libraries/Settings`)
  - React-RCTText (from `../node_modules/react-native/Libraries/Text`)
  - React-RCTVibration (from `../node_modules/react-native/Libraries/Vibration`)
  - React-runtimeexecutor (from `../node_modules/react-native/ReactCommon/runtimeexecutor`)
  - ReactCommon/turbomodule/core (from `../node_modules/react-native/ReactCommon`)
  - rn-fetch-blob (from `../node_modules/rn-fetch-blob`)
  - "RNAppleAuthentication (from `../node_modules/@invertase/react-native-apple-authentication`)"
  - "RNCAsyncStorage (from `../node_modules/@react-native-async-storage/async-storage`)"
  - "RNCMaskedView (from `../node_modules/@react-native-masked-view/masked-view`)"
  - "RNCPicker (from `../node_modules/@react-native-picker/picker`)"
  - "RNCPushNotificationIOS (from `../node_modules/@react-native-community/push-notification-ios`)"
  - "RNDateTimePicker (from `../node_modules/@react-native-community/datetimepicker`)"
  - "RNFBApp (from `../node_modules/@react-native-firebase/app`)"
  - RNGestureHandler (from `../node_modules/react-native-gesture-handler`)
  - "RNGoogleSignin (from `../node_modules/@react-native-google-signin/google-signin`)"
  - RNIap (from `../node_modules/react-native-iap`)
  - RNReanimated (from `../node_modules/react-native-reanimated`)
  - RNScreens (from `../node_modules/react-native-screens`)
  - RNVectorIcons (from `../node_modules/react-native-vector-icons`)
  - "stripe-react-native (from `../node_modules/@stripe/stripe-react-native`)"
  - Yoga (from `../node_modules/react-native/ReactCommon/yoga`)

SPEC REPOS:
  trunk:
    - AppAuth
    - CocoaAsyncSocket
    - FBAEMKit
    - FBSDKCoreKit
    - FBSDKCoreKit_Basics
    - FBSDKGamingServicesKit
    - FBSDKLoginKit
    - FBSDKShareKit
    - Firebase
    - FirebaseCore
    - FirebaseCoreDiagnostics
    - FirebaseCoreInternal
    - fmt
    - GoogleDataTransport
    - GoogleSignIn
    - GoogleUtilities
    - GTMAppAuth
    - GTMSessionFetcher
    - KTVCocoaHTTPServer
    - KTVHTTPCache
    - nanopb
    - PromisesObjC
    - PromisesSwift
    - Stripe
    - StripeApplePay
    - StripeCore
    - StripeFinancialConnections
    - StripePayments
    - StripePaymentSheet
    - StripePaymentsUI
    - StripeUICore

EXTERNAL SOURCES:
  boost:
    :podspec: "../node_modules/react-native/third-party-podspecs/boost.podspec"
  BVLinearGradient:
    :path: "../node_modules/react-native-linear-gradient"
  DoubleConversion:
    :podspec: "../node_modules/react-native/third-party-podspecs/DoubleConversion.podspec"
  FBLazyVector:
    :path: "../node_modules/react-native/Libraries/FBLazyVector"
  FBReactNativeSpec:
    :path: "../node_modules/react-native/React/FBReactNativeSpec"
  glog:
    :podspec: "../node_modules/react-native/third-party-podspecs/glog.podspec"
  lottie-ios:
    :path: "../node_modules/lottie-ios"
  lottie-react-native:
    :path: "../node_modules/lottie-react-native"
  RCT-Folly:
    :podspec: "../node_modules/react-native/third-party-podspecs/RCT-Folly.podspec"
  RCTRequired:
    :path: "../node_modules/react-native/Libraries/RCTRequired"
  RCTSystemSetting:
    :path: "../node_modules/react-native-system-setting"
  RCTTypeSafety:
    :path: "../node_modules/react-native/Libraries/TypeSafety"
  React:
    :path: "../node_modules/react-native/"
  React-bridging:
    :path: "../node_modules/react-native/ReactCommon"
  React-callinvoker:
    :path: "../node_modules/react-native/ReactCommon/callinvoker"
  React-Codegen:
    :path: build/generated/ios
  React-Core:
    :path: "../node_modules/react-native/"
  React-CoreModules:
    :path: "../node_modules/react-native/React/CoreModules"
  React-cxxreact:
    :path: "../node_modules/react-native/ReactCommon/cxxreact"
  React-jsi:
    :path: "../node_modules/react-native/ReactCommon/jsi"
  React-jsiexecutor:
    :path: "../node_modules/react-native/ReactCommon/jsiexecutor"
  React-jsinspector:
    :path: "../node_modules/react-native/ReactCommon/jsinspector"
  React-logger:
    :path: "../node_modules/react-native/ReactCommon/logger"
  react-native-fbsdk-next:
    :path: "../node_modules/react-native-fbsdk-next"
  react-native-geolocation:
    :path: "../node_modules/@react-native-community/geolocation"
  react-native-netinfo:
    :path: "../node_modules/@react-native-community/netinfo"
  react-native-orientation-locker:
    :path: "../node_modules/react-native-orientation-locker"
  react-native-safe-area-context:
    :path: "../node_modules/react-native-safe-area-context"
  react-native-slider:
    :path: "../node_modules/@react-native-community/slider"
  react-native-video:
    :path: "../node_modules/react-native-video"
  react-native-video-cache:
    :path: "../node_modules/react-native-video-cache"
  React-perflogger:
    :path: "../node_modules/react-native/ReactCommon/reactperflogger"
  React-RCTActionSheet:
    :path: "../node_modules/react-native/Libraries/ActionSheetIOS"
  React-RCTAnimation:
    :path: "../node_modules/react-native/Libraries/NativeAnimation"
  React-RCTBlob:
    :path: "../node_modules/react-native/Libraries/Blob"
  React-RCTImage:
    :path: "../node_modules/react-native/Libraries/Image"
  React-RCTLinking:
    :path: "../node_modules/react-native/Libraries/LinkingIOS"
  React-RCTNetwork:
    :path: "../node_modules/react-native/Libraries/Network"
  React-RCTSettings:
    :path: "../node_modules/react-native/Libraries/Settings"
  React-RCTText:
    :path: "../node_modules/react-native/Libraries/Text"
  React-RCTVibration:
    :path: "../node_modules/react-native/Libraries/Vibration"
  React-runtimeexecutor:
    :path: "../node_modules/react-native/ReactCommon/runtimeexecutor"
  ReactCommon:
    :path: "../node_modules/react-native/ReactCommon"
  rn-fetch-blob:
    :path: "../node_modules/rn-fetch-blob"
  RNAppleAuthentication:
    :path: "../node_modules/@invertase/react-native-apple-authentication"
  RNCAsyncStorage:
    :path: "../node_modules/@react-native-async-storage/async-storage"
  RNCMaskedView:
    :path: "../node_modules/@react-native-masked-view/masked-view"
  RNCPicker:
    :path: "../node_modules/@react-native-picker/picker"
  RNCPushNotificationIOS:
    :path: "../node_modules/@react-native-community/push-notification-ios"
  RNDateTimePicker:
    :path: "../node_modules/@react-native-community/datetimepicker"
  RNFBApp:
    :path: "../node_modules/@react-native-firebase/app"
  RNGestureHandler:
    :path: "../node_modules/react-native-gesture-handler"
  RNGoogleSignin:
    :path: "../node_modules/@react-native-google-signin/google-signin"
  RNIap:
    :path: "../node_modules/react-native-iap"
  RNReanimated:
    :path: "../node_modules/react-native-reanimated"
  RNScreens:
    :path: "../node_modules/react-native-screens"
  RNVectorIcons:
    :path: "../node_modules/react-native-vector-icons"
  stripe-react-native:
    :path: "../node_modules/@stripe/stripe-react-native"
  Yoga:
    :path: "../node_modules/react-native/ReactCommon/yoga"

SPEC CHECKSUMS:
  AppAuth: 8fca6b5563a5baef2c04bee27538025e4ceb2add
  boost: a7c83b31436843459a1961bfd74b96033dc77234
  BVLinearGradient: 34a999fda29036898a09c6a6b728b0b4189e1a44
  CocoaAsyncSocket: 065fd1e645c7abab64f7a6a2007a48038fdc6a99
  DoubleConversion: 5189b271737e1565bdce30deb4a08d647e3f5f54
  FBAEMKit: d00064597439e75885c70d9adbcb5f3e9ad84f5d
  FBLazyVector: 068141206af867f72854753423d0117c4bf53419
  FBReactNativeSpec: 546a637adc797fa436dd51d1c63c580f820de31c
  FBSDKCoreKit: e5d3acfffe5063a9d0b967ba2ad1f5afc460cf43
  FBSDKCoreKit_Basics: 1ff46a12e80f0b66e6c00e1ef32d6a5b5b9008a5
  FBSDKGamingServicesKit: cfac825e69b78049c9f2b10198da7d20ab6b5a6f
  FBSDKLoginKit: dbe86ef42ab142f3bd0f1c904a21bb33f31c5569
  FBSDKShareKit: 2f6a6a1445cc1b8ea0f733e60d02d2f7c4ebf8be
  Firebase: 4ba896cb8e5105d4b9e247e1c1b6222b548df55a
  FirebaseCore: 0e27f2a15d8f7b7ef11e7d93e23b1cbab55d748c
  FirebaseCoreDiagnostics: 99a495094b10a57eeb3ae8efa1665700ad0bdaa6
  FirebaseCoreInternal: bca76517fe1ed381e989f5e7d8abb0da8d85bed3
  fmt: ff9d55029c625d3757ed641535fd4a75fedc7ce9
  glog: 3d02b25ca00c2d456734d0bcff864cbc62f6ae1a
  GoogleDataTransport: ea169759df570f4e37bdee1623ec32a7e64e67c4
  GoogleSignIn: 5651ce3a61e56ca864160e79b484cd9ed3f49b7a
  GoogleUtilities: c2bdc4cf2ce786c4d2e6b3bcfd599a25ca78f06f
  GTMAppAuth: 0ff230db599948a9ad7470ca667337803b3fc4dd
  GTMSessionFetcher: 3a63d75eecd6aa32c2fc79f578064e1214dfdec2
  KTVCocoaHTTPServer: df8d7b861e603ff8037e9b2138aca2563a6b768d
  KTVHTTPCache: 588c3eb16f6bd1e6fde1e230dabfb7bd4e490a4d
  lottie-ios: c058aeafa76daa4cf64d773554bccc8385d0150e
  lottie-react-native: a501112fa980529ccb80b9f3ee117a7f98c6af3a
  nanopb: b552cce312b6c8484180ef47159bc0f65a1f0431
  PromisesObjC: 09985d6d70fbe7878040aa746d78236e6946d2ef
  PromisesSwift: cf9eb58666a43bbe007302226e510b16c1e10959
  RCT-Folly: b9d9fe1fc70114b751c076104e52f3b1b5e5a95a
  RCTRequired: ae07282b2ec9c90d7eb98251603bc3f82403d239
  RCTSystemSetting: 5107b7350d63b3f7b42a1277d07e4e5d9df879be
  RCTTypeSafety: a04dc1339af2e1da759ccd093bf11c310dce1ef6
  React: dbd201f781b180eab148aa961683943c72f67dcf
  React-bridging: 10a863fdc0fc6f9c9f8527640936b293cd288bdc
  React-callinvoker: 6ad32eee2630dab9023de5df2a6a8cacbfc99a67
  React-Codegen: fe3423fa6f37d05e233ab0e85e34fe0b443a5654
  React-Core: 6177b1f2dd794fe202a5042d3678b2ddfcbfb7d4
  React-CoreModules: c74e6b155f9876b1947fc8a13f0cb437cc7f6dcd
  React-cxxreact: a07b7d90c4c71dd38c7383c7344b34d0a1336aee
  React-jsi: d762c410d10830b7579225c78f2fd881c29649ca
  React-jsiexecutor: 758e70947c232828a66b5ddc42d02b4d010fa26e
  React-jsinspector: 55605caf04e02f9b0e05842b786f1c12dde08f4b
  React-logger: ca970551cb7eea2fd814d0d5f6fc1a471eb53b76
  react-native-fbsdk-next: 75ea1d4b48e047796f3264535a1cab502686a3e2
  react-native-geolocation: 69f4fd37650b8e7fee91816d395e62dd16f5ab8d
  react-native-netinfo: 129bd99f607a2dc5bb096168f3e5c150fd1f1c95
  react-native-orientation-locker: 851f6510d8046ea2f14aa169b1e01fcd309a94ba
  react-native-safe-area-context: 6c12e3859b6f27b25de4fee8201cfb858432d8de
  react-native-slider: cecabb58ecffad671d2ad3ccc58c7f4d2d029e95
  react-native-video: bb6f12a7198db53b261fefb5d609dc77417acc8b
  react-native-video-cache: 1f3d0b6841c9cc962ded4ba70b412f121c8e9620
  React-perflogger: c9161ff0f1c769993cd11d2751e4331ff4ceb7cd
  React-RCTActionSheet: 2d885b0bea76a5254ef852939273edd8de116180
  React-RCTAnimation: 353fa4fc3c19060068832dd32e555182ec07be45
  React-RCTBlob: 647da863bc7d4f169bb80463fbcdd59c4fc76e6a
  React-RCTImage: e77ee8d85f21ad5f4704e3ef67656903f45f9e76
  React-RCTLinking: 3dad213f5ef5798b9491037aebe84e8ad684d4c4
  React-RCTNetwork: ebbb9581d8fdc91596a4ee5e9f9ae37d5f1e13b9
  React-RCTSettings: a5e7f3f1d1b38be8bf9baa89228c5af98244f9ee
  React-RCTText: 209576913f7eccd84425ea3f3813772f1f66e1e4
  React-RCTVibration: e8b7dd6635cc95689b5db643b5a3848f1e05b30b
  React-runtimeexecutor: 27f468c5576eaf05ffb7a907528e44c75a3fcbae
  ReactCommon: e30ec17dfb1d4c4f3419eac254350d6abca6d5a2
  rn-fetch-blob: f065bb7ab7fb48dd002629f8bdcb0336602d3cba
  RNAppleAuthentication: 0571c08da8c327ae2afc0261b48b4a515b0286a6
  RNCAsyncStorage: d81ee5c3db1060afd49ea7045ad460eff82d2b7d
  RNCMaskedView: cb9670ea9239998340eaab21df13fa12a1f9de15
  RNCPicker: 0250e95ad170569a96f5b0555cdd5e65b9084dca
  RNCPushNotificationIOS: 87b8d16d3ede4532745e05b03c42cff33a36cc45
  RNDateTimePicker: 30e6733efc179d1e49d6008ea5fce42cdc9aeeca
  RNFBApp: ac7643ca8c013ac175da0f2d2776d9a5f4eae00d
  RNGestureHandler: bad495418bcbd3ab47017a38d93d290ebd406f50
  RNGoogleSignin: b2179ba653c759b936404a7746fc5302f9de6a5a
  RNIap: cc309cf426a6df5240e38108ffa6c270a52c03ac
  RNReanimated: 2cf7451318bb9cc430abeec8d67693f9cf4e039c
  RNScreens: 4a1af06327774490d97342c00aee0c2bafb497b7
  RNVectorIcons: fcc2f6cb32f5735b586e66d14103a74ce6ad61f8
  Stripe: 7393b16fe555d4a68e6555044e7b57eff11ae547
  stripe-react-native: 066f04f3e0b5107de108674b09a885219cd36294
  StripeApplePay: 174b09c0211134417e340c68af199a3dd34f3cd6
  StripeCore: babb08ec2b961f7cde8663dad3b4cbb77e0ae63b
  StripeFinancialConnections: 484096f2dc5d3c20cc24a5ad4d261953ba806ef0
  StripePayments: 71bf62ccdacefc4b68b46a02a7f2492aeba252b3
  StripePaymentSheet: 722ea7bea092c243d771122fe3572a9c84512704
  StripePaymentsUI: fd08081c4be73c16322dc76a1878140520a9df2e
  StripeUICore: ed68cbd5ad0626e0760e772f8c82d96cae9b829b
  Yoga: 7ab6e3ee4ce47d7b789d1cb520163833e515f452

PODFILE CHECKSUM: 319c7ad219405a93f9f29589b2a2763142d5f202

COCOAPODS: 1.11.3
